
Microsoft Visual Studio Solution File, Format Version 12.00
# Visual Studio 2015
Project("{FAE04EC0-301F-11D3-BF4B-00C04F79EFBC}") = "Morpheus.CSharp", "Morpheus.CSharp.csproj", "{FE7A256E-8209-0172-7744-D3F659553C8A}"
EndProject
Project("{FAE04EC0-301F-11D3-BF4B-00C04F79EFBC}") = "Morpheus.CSharp.Editor", "Morpheus.CSharp.Editor.csproj", "{F2A5E032-0ADE-7284-35B2-9B4C458D22A0}"
EndProject
Global
	GlobalSection(SolutionConfigurationPlatforms) = preSolution
		Debug|Any CPU = Debug|Any CPU
		Release|Any CPU = Release|Any CPU
	EndGlobalSection
	GlobalSection(ProjectConfigurationPlatforms) = postSolution
		{FE7A256E-8209-0172-7744-D3F659553C8A}.Debug|Any CPU.ActiveCfg = Debug|Any CPU
		{FE7A256E-8209-0172-7744-D3F659553C8A}.Debug|Any CPU.Build.0 = Debug|Any CPU
		{FE7A256E-8209-0172-7744-D3F659553C8A}.Release|Any CPU.ActiveCfg = Release|Any CPU
		{FE7A256E-8209-0172-7744-D3F659553C8A}.Release|Any CPU.Build.0 = Release|Any CPU
		{F2A5E032-0ADE-7284-35B2-9B4C458D22A0}.Debug|Any CPU.ActiveCfg = Debug|Any CPU
		{F2A5E032-0ADE-7284-35B2-9B4C458D22A0}.Debug|Any CPU.Build.0 = Debug|Any CPU
		{F2A5E032-0ADE-7284-35B2-9B4C458D22A0}.Release|Any CPU.ActiveCfg = Release|Any CPU
		{F2A5E032-0ADE-7284-35B2-9B4C458D22A0}.Release|Any CPU.Build.0 = Release|Any CPU
	EndGlobalSection
	GlobalSection(SolutionProperties) = preSolution
		HideSolutionNode = FALSE
	EndGlobalSection
EndGlobal
