
Microsoft Visual Studio Solution File, Format Version 12.00
# Visual Studio 2015
Project("{FAE04EC0-301F-11D3-BF4B-00C04F79EFBC}") = "TileMap Tutorial #1.CSharp", "TileMap Tutorial #1.CSharp.csproj", "{EF21F5B6-D306-F8B4-260E-2F3D39F2B74C}"
EndProject
Project("{FAE04EC0-301F-11D3-BF4B-00C04F79EFBC}") = "TileMap Tutorial #1.CSharp.Editor", "TileMap Tutorial #1.CSharp.Editor.csproj", "{38BDBB4D-9967-2F5F-5F8A-2C707D8A0BA0}"
EndProject
Global
	GlobalSection(SolutionConfigurationPlatforms) = preSolution
		Debug|Any CPU = Debug|Any CPU
		Release|Any CPU = Release|Any CPU
	EndGlobalSection
	GlobalSection(ProjectConfigurationPlatforms) = postSolution
		{EF21F5B6-D306-F8B4-260E-2F3D39F2B74C}.Debug|Any CPU.ActiveCfg = Debug|Any CPU
		{EF21F5B6-D306-F8B4-260E-2F3D39F2B74C}.Debug|Any CPU.Build.0 = Debug|Any CPU
		{EF21F5B6-D306-F8B4-260E-2F3D39F2B74C}.Release|Any CPU.ActiveCfg = Release|Any CPU
		{EF21F5B6-D306-F8B4-260E-2F3D39F2B74C}.Release|Any CPU.Build.0 = Release|Any CPU
		{38BDBB4D-9967-2F5F-5F8A-2C707D8A0BA0}.Debug|Any CPU.ActiveCfg = Debug|Any CPU
		{38BDBB4D-9967-2F5F-5F8A-2C707D8A0BA0}.Debug|Any CPU.Build.0 = Debug|Any CPU
		{38BDBB4D-9967-2F5F-5F8A-2C707D8A0BA0}.Release|Any CPU.ActiveCfg = Release|Any CPU
		{38BDBB4D-9967-2F5F-5F8A-2C707D8A0BA0}.Release|Any CPU.Build.0 = Release|Any CPU
	EndGlobalSection
	GlobalSection(SolutionProperties) = preSolution
		HideSolutionNode = FALSE
	EndGlobalSection
EndGlobal
